
Microsoft Visual Studio Solution File, Format Version 12.00
# Visual Studio Version 17
VisualStudioVersion = 17.14.36414.22 d17.14
MinimumVisualStudioVersion = 10.0.40219.1
Project("{FAE04EC0-301F-11D3-BF4B-00C04F79EFBC}") = "H4G_Project", "H4G_Project\H4G_Project.csproj", "{D46D5FCE-0B36-4A6C-8E94-4F0F5432C800}"
EndProject
Global
	GlobalSection(SolutionConfigurationPlatforms) = preSolution
		Debug|Any CPU = Debug|Any CPU
		Release|Any CPU = Release|Any CPU
	EndGlobalSection
	GlobalSection(ProjectConfigurationPlatforms) = postSolution
		{D46D5FCE-0B36-4A6C-8E94-4F0F5432C800}.Debug|Any CPU.ActiveCfg = Debug|Any CPU
		{D46D5FCE-0B36-4A6C-8E94-4F0F5432C800}.Debug|Any CPU.Build.0 = Debug|Any CPU
		{D46D5FCE-0B36-4A6C-8E94-4F0F5432C800}.Release|Any CPU.ActiveCfg = Release|Any CPU
		{D46D5FCE-0B36-4A6C-8E94-4F0F5432C800}.Release|Any CPU.Build.0 = Release|Any CPU
	EndGlobalSection
	GlobalSection(SolutionProperties) = preSolution
		HideSolutionNode = FALSE
	EndGlobalSection
	GlobalSection(ExtensibilityGlobals) = postSolution
		SolutionGuid = {2DA54E72-85EC-41B7-94EA-5C0C87B146F0}
	EndGlobalSection
EndGlobal
